// !$*UTF8*$!
{
	archiveVersion = 1;
	classes = {
	};
	objectVersion = 46;
	objects = {

/* Begin PBXBuildFile section */
		A2D0650D1C4D8CF70078983A /* AppDelegate.swift in Sources */ = {isa = PBXBuildFile; fileRef = A2D0650C1C4D8CF70078983A /* AppDelegate.swift */; };
		A2D0650F1C4D8CF70078983A /* ViewController.swift in Sources */ = {isa = PBXBuildFile; fileRef = A2D0650E1C4D8CF70078983A /* ViewController.swift */; };
		A2D065121C4D8CF70078983A /* Main.storyboard in Resources */ = {isa = PBXBuildFile; fileRef = A2D065101C4D8CF70078983A /* Main.storyboard */; };
		A2D065141C4D8CF70078983A /* Assets.xcassets in Resources */ = {isa = PBXBuildFile; fileRef = A2D065131C4D8CF70078983A /* Assets.xcassets */; };
		A2D065171C4D8CF70078983A /* LaunchScreen.storyboard in Resources */ = {isa = PBXBuildFile; fileRef = A2D065151C4D8CF70078983A /* LaunchScreen.storyboard */; };
		A2D0651F1C4D8D5D0078983A /* Book Background.jpg in Resources */ = {isa = PBXBuildFile; fileRef = A2D0651E1C4D8D5D0078983A /* Book Background.jpg */; };
/* End PBXBuildFile section */

/* Begin PBXFileReference section */
		A2D065091C4D8CF70078983A /* ISBN Libros.app */ = {isa = PBXFileReference; explicitFileType = wrapper.application; includeInIndex = 0; path = "ISBN Libros.app"; sourceTree = BUILT_PRODUCTS_DIR; };
		A2D0650C1C4D8CF70078983A /* AppDelegate.swift */ = {isa = PBXFileReference; lastKnownFileType = sourcecode.swift; path = AppDelegate.swift; sourceTree = "<group>"; };
		A2D0650E1C4D8CF70078983A /* ViewController.swift */ = {isa = PBXFileReference; lastKnownFileType = sourcecode.swift; path = ViewController.swift; sourceTree = "<group>"; };
		A2D065111C4D8CF70078983A /* Base */ = {isa = PBXFileReference; lastKnownFileType = file.storyboard; name = Base; path = Base.lproj/Main.storyboard; sourceTree = "<group>"; };
		A2D065131C4D8CF70078983A /* Assets.xcassets */ = {isa = PBXFileReference; lastKnownFileType = folder.assetcatalog; path = Assets.xcassets; sourceTree = "<group>"; };
		A2D065161C4D8CF70078983A /* Base */ = {isa = PBXFileReference; lastKnownFileType = file.storyboard; name = Base; path = Base.lproj/LaunchScreen.storyboard; sourceTree = "<group>"; };
		A2D065181C4D8CF70078983A /* Info.plist */ = {isa = PBXFileReference; lastKnownFileType = text.plist.xml; path = Info.plist; sourceTree = "<group>"; };
		A2D0651E1C4D8D5D0078983A /* Book Background.jpg */ = {isa = PBXFileReference; lastKnownFileType = image.jpeg; path = "Book Background.jpg"; sourceTree = "<group>"; };
/* End PBXFileReference section */

/* Begin PBXFrameworksBuildPhase section */
		A2D065061C4D8CF70078983A /* Frameworks */ = {
			isa = PBXFrameworksBuildPhase;
			buildActionMask = 2147483647;
			files = (
			);
			runOnlyForDeploymentPostprocessing = 0;
		};
/* End PBXFrameworksBuildPhase section */

/* Begin PBXGroup section */
		A2D065001C4D8CF70078983A = {
			isa = PBXGroup;
			children = (
				A2D0650B1C4D8CF70078983A /* ISBN Libros */,
				A2D0650A1C4D8CF70078983A /* Products */,
			);
			sourceTree = "<group>";
		};
		A2D0650A1C4D8CF70078983A /* Products */ = {
			isa = PBXGroup;
			children = (
				A2D065091C4D8CF70078983A /* ISBN Libros.app */,
			);
			name = Products;
			sourceTree = "<group>";
		};
		A2D0650B1C4D8CF70078983A /* ISBN Libros */ = {
			isa = PBXGroup;
			children = (
				A2D0650C1C4D8CF70078983A /* AppDelegate.swift */,
				A2D0650E1C4D8CF70078983A /* ViewController.swift */,
				A2D065101C4D8CF70078983A /* Main.storyboard */,
				A2D065131C4D8CF70078983A /* Assets.xcassets */,
				A2D065151C4D8CF70078983A /* LaunchScreen.storyboard */,
				A2D065181C4D8CF70078983A /* Info.plist */,
				A2D0651E1C4D8D5D0078983A /* Book Background.jpg */,
			);
			path = "ISBN Libros";
			sourceTree = "<group>";
		};
/* End PBXGroup section */

/* Begin PBXNativeTarget section */
		A2D065081C4D8CF70078983A /* ISBN Libros */ = {
			isa = PBXNativeTarget;
			buildConfigurationList = A2D0651B1C4D8CF70078983A /* Build configuration list for PBXNativeTarget "ISBN Libros" */;
			buildPhases = (
				A2D065051C4D8CF70078983A /* Sources */,
				A2D065061C4D8CF70078983A /* Frameworks */,
				A2D065071C4D8CF70078983A /* Resources */,
			);
			buildRules = (
			);
			dependencies = (
			);
			name = "ISBN Libros";
			productName = "ISBN Libros";
			productReference = A2D065091C4D8CF70078983A /* ISBN Libros.app */;
			productType = "com.apple.product-type.application";
		};
/* End PBXNativeTarget section */

/* Begin PBXProject section */
		A2D065011C4D8CF70078983A /* Project object */ = {
			isa = PBXProject;
			attributes = {
				LastSwiftUpdateCheck = 0720;
				LastUpgradeCheck = 0720;
				ORGANIZATIONNAME = "Mateo Villgomez";
				TargetAttributes = {
					A2D065081C4D8CF70078983A = {
						CreatedOnToolsVersion = 7.2;
						DevelopmentTeam = 58U777E9MW;
					};
				};
			};
			buildConfigurationList = A2D065041C4D8CF70078983A /* Build configuration list for PBXProject "ISBN Libros" */;
			compatibilityVersion = "Xcode 3.2";
			developmentRegion = English;
			hasScannedForEncodings = 0;
			knownRegions = (
				en,
				Base,
			);
			mainGroup = A2D065001C4D8CF70078983A;
			productRefGroup = A2D0650A1C4D8CF70078983A /* Products */;
			projectDirPath = "";
			projectRoot = "";
			targets = (
				A2D065081C4D8CF70078983A /* ISBN Libros */,
			);
		};
/* End PBXProject section */

/* Begin PBXResourcesBuildPhase section */
		A2D065071C4D8CF70078983A /* Resources */ = {
			isa = PBXResourcesBuildPhase;
			buildActionMask = 2147483647;
			files = (
				A2D065171C4D8CF70078983A /* LaunchScreen.storyboard in Resources */,
				A2D0651F1C4D8D5D0078983A /* Book Background.jpg in Resources */,
				A2D065141C4D8CF70078983A /* Assets.xcassets in Resources */,
				A2D065121C4D8CF70078983A /* Main.storyboard in Resources */,
			);
			runOnlyForDeploymentPostprocessing = 0;
		};
/* End PBXResourcesBuildPhase section */

/* Begin PBXSourcesBuildPhase section */
		A2D065051C4D8CF70078983A /* Sources */ = {
			isa = PBXSourcesBuildPhase;
			buildActionMask = 2147483647;
			files = (
				A2D0650F1C4D8CF70078983A /* ViewController.swift in Sources */,
				A2D0650D1C4D8CF70078983A /* AppDelegate.swift in Sources */,
			);
			runOnlyForDeploymentPostprocessing = 0;
		};
/* End PBXSourcesBuildPhase section */

/* Begin PBXVariantGroup section */
		A2D065101C4D8CF70078983A /* Main.storyboard */ = {
			isa = PBXVariantGroup;
			children = (
				A2D065111C4D8CF70078983A /* Base */,
			);
			name = Main.storyboard;
			sourceTree = "<group>";
		};
		A2D065151C4D8CF70078983A /* LaunchScreen.storyboard */ = {
			isa = PBXVariantGroup;
			children = (
				A2D065161C4D8CF70078983A /* Base */,
			);
			name = LaunchScreen.storyboard;
			sourceTree = "<group>";
		};
/* End PBXVariantGroup section */

/* Begin XCBuildConfiguration section */
		A2D065191C4D8CF70078983A /* Debug */ = {
			isa = XCBuildConfiguration;
			buildSettings = {
				ALWAYS_SEARCH_USER_PATHS = NO;
				CLANG_CXX_LANGUAGE_STANDARD = "gnu++0x";
				CLANG_CXX_LIBRARY = "libc++";
				CLANG_ENABLE_MODULES = YES;
				CLANG_ENABLE_OBJC_ARC = YES;
				CLANG_WARN_BOOL_CONVERSION = YES;
				CLANG_WARN_CONSTANT_CONVERSION = YES;
				CLANG_WARN_DIRECT_OBJC_ISA_USAGE = YES_ERROR;
				CLANG_WARN_EMPTY_BODY = YES;
				CLANG_WARN_ENUM_CONVERSION = YES;
				CLANG_WARN_INT_CONVERSION = YES;
				CLANG_WARN_OBJC_ROOT_CLASS = YES_ERROR;
				CLANG_WARN_UNREACHABLE_CODE = YES;
				CLANG_WARN__DUPLICATE_METHOD_MATCH = YES;
				"CODE_SIGN_IDENTITY[sdk=iphoneos*]" = "iPhone Developer";
				COPY_PHASE_STRIP = NO;
				DEBUG_INFORMATION_FORMAT = dwarf;
				ENABLE_STRICT_OBJC_MSGSEND = YES;
				ENABLE_TESTABILITY = YES;
				GCC_C_LANGUAGE_STANDARD = gnu99;
				GCC_DYNAMIC_NO_PIC = NO;
				GCC_NO_COMMON_BLOCKS = YES;
				GCC_OPTIMIZATION_LEVEL = 0;
				GCC_PREPROCESSOR_DEFINITIONS = (
					"DEBUG=1",
					"$(inherited)",
				);
				GCC_WARN_64_TO_32_BIT_CONVERSION = YES;
				GCC_WARN_ABOUT_RETURN_TYPE = YES_ERROR;
				GCC_WARN_UNDECLARED_SELECTOR = YES;
				GCC_WARN_UNINITIALIZED_AUTOS = YES_AGGRESSIVE;
				GCC_WARN_UNUSED_FUNCTION = YES;
				GCC_WARN_UNUSED_VARIABLE = YES;
				IPHONEOS_DEPLOYMENT_TARGET = 9.2;
				MTL_ENABLE_DEBUG_INFO = YES;
				ONLY_ACTIVE_ARCH = YES;
				SDKROOT = iphoneos;
				SWIFT_OPTIMIZATION_LEVEL = "-Onone";
			};
			name = Debug;
		};
		A2D0651A1C4D8CF70078983A /* Release */ = {
			isa = XCBuildConfiguration;
			buildSettings = {
				ALWAYS_SEARCH_USER_PATHS = NO;
				CLANG_CXX_LANGUAGE_STANDARD = "gnu++0x";
				CLANG_CXX_LIBRARY = "libc++";
				CLANG_ENABLE_MODULES = YES;
				CLANG_ENABLE_OBJC_ARC = YES;
				CLANG_WARN_BOOL_CONVERSION = YES;
				CLANG_WARN_CONSTANT_CONVERSION = YES;
				CLANG_WARN_DIRECT_OBJC_ISA_USAGE = YES_ERROR;
				CLANG_WARN_EMPTY_BODY = YES;
				CLANG_WARN_ENUM_CONVERSION = YES;
				CLANG_WARN_INT_CONVERSION = YES;
				CLANG_WARN_OBJC_ROOT_CLASS = YES_ERROR;
				CLANG_WARN_UNREACHABLE_CODE = YES;
				CLANG_WARN__DUPLICATE_METHOD_MATCH = YES;
				"CODE_SIGN_IDENTITY[sdk=iphoneos*]" = "iPhone Developer";
				COPY_PHASE_STRIP = NO;
				DEBUG_INFORMATION_FORMAT = "dwarf-with-dsym";
				ENABLE_NS_ASSERTIONS = NO;
				ENABLE_STRICT_OBJC_MSGSEND = YES;
				GCC_C_LANGUAGE_STANDARD = gnu99;
				GCC_NO_COMMON_BLOCKS = YES;
				GCC_WARN_64_TO_32_BIT_CONVERSION = YES;
				GCC_WARN_ABOUT_RETURN_TYPE = YES_ERROR;
				GCC_WARN_UNDECLARED_SELECTOR = YES;
				GCC_WARN_UNINITIALIZED_AUTOS = YES_AGGRESSIVE;
				GCC_WARN_UNUSED_FUNCTION = YES;
				GCC_WARN_UNUSED_VARIABLE = YES;
				IPHONEOS_DEPLOYMENT_TARGET = 9.2;
				MTL_ENABLE_DEBUG_INFO = NO;
				SDKROOT = iphoneos;
				VALIDATE_PRODUCT = YES;
			};
			name = Release;
		};
		A2D0651C1C4D8CF70078983A /* Debug */ = {
			isa = XCBuildConfiguration;
			buildSettings = {
				ASSETCATALOG_COMPILER_APPICON_NAME = AppIcon;
				INFOPLIST_FILE = "ISBN Libros/Info.plist";
				LD_RUNPATH_SEARCH_PATHS = "$(inherited) @executable_path/Frameworks";
				PRODUCT_BUNDLE_IDENTIFIER = "Maniapps.ISBN-Libros";
				PRODUCT_NAME = "$(TARGET_NAME)";
			};
			name = Debug;
		};
		A2D0651D1C4D8CF70078983A /* Release */ = {
			isa = XCBuildConfiguration;
			buildSettings = {
				ASSETCATALOG_COMPILER_APPICON_NAME = AppIcon;
				INFOPLIST_FILE = "ISBN Libros/Info.plist";
				LD_RUNPATH_SEARCH_PATHS = "$(inherited) @executable_path/Frameworks";
				PRODUCT_BUNDLE_IDENTIFIER = "Maniapps.ISBN-Libros";
				PRODUCT_NAME = "$(TARGET_NAME)";
			};
			name = Release;
		};
/* End XCBuildConfiguration section */

/* Begin XCConfigurationList section */
		A2D065041C4D8CF70078983A /* Build configuration list for PBXProject "ISBN Libros" */ = {
			isa = XCConfigurationList;
			buildConfigurations = (
				A2D065191C4D8CF70078983A /* Debug */,
				A2D0651A1C4D8CF70078983A /* Release */,
			);
			defaultConfigurationIsVisible = 0;
			defaultConfigurationName = Release;
		};
		A2D0651B1C4D8CF70078983A /* Build configuration list for PBXNativeTarget "ISBN Libros" */ = {
			isa = XCConfigurationList;
			buildConfigurations = (
				A2D0651C1C4D8CF70078983A /* Debug */,
				A2D0651D1C4D8CF70078983A /* Release */,
			);
			defaultConfigurationIsVisible = 0;
		};
/* End XCConfigurationList section */
	};
	rootObject = A2D065011C4D8CF70078983A /* Project object */;
}
